
Microsoft Visual Studio Solution File, Format Version 12.00
Project("{FAE04EC0-301F-11D3-BF4B-00C04F79EFBC}") = "NFQ_Kata", "NFQ_Kata\NFQ_Kata.csproj", "{D39624BD-49B5-4362-B97D-4ADE0F47A0A5}"
EndProject
Project("{FAE04EC0-301F-11D3-BF4B-00C04F79EFBC}") = "NFQ_Kata.Tests.Unit", "NFQ_Kata.Tests.Unit\NFQ_Kata.Tests.Unit.csproj", "{1102F542-C401-4FF8-9B91-035AB2A4CC4B}"
EndProject
Global
	GlobalSection(SolutionConfigurationPlatforms) = preSolution
		Debug|Any CPU = Debug|Any CPU
		Release|Any CPU = Release|Any CPU
	EndGlobalSection
	GlobalSection(ProjectConfigurationPlatforms) = postSolution
		{D39624BD-49B5-4362-B97D-4ADE0F47A0A5}.Debug|Any CPU.ActiveCfg = Debug|Any CPU
		{D39624BD-49B5-4362-B97D-4ADE0F47A0A5}.Debug|Any CPU.Build.0 = Debug|Any CPU
		{D39624BD-49B5-4362-B97D-4ADE0F47A0A5}.Release|Any CPU.ActiveCfg = Release|Any CPU
		{D39624BD-49B5-4362-B97D-4ADE0F47A0A5}.Release|Any CPU.Build.0 = Release|Any CPU
		{1102F542-C401-4FF8-9B91-035AB2A4CC4B}.Debug|Any CPU.ActiveCfg = Debug|Any CPU
		{1102F542-C401-4FF8-9B91-035AB2A4CC4B}.Debug|Any CPU.Build.0 = Debug|Any CPU
		{1102F542-C401-4FF8-9B91-035AB2A4CC4B}.Release|Any CPU.ActiveCfg = Release|Any CPU
		{1102F542-C401-4FF8-9B91-035AB2A4CC4B}.Release|Any CPU.Build.0 = Release|Any CPU
	EndGlobalSection
EndGlobal
